
Microsoft Visual Studio Solution File, Format Version 12.00
# Visual Studio Version 16
VisualStudioVersion = 16.0.28705.295
MinimumVisualStudioVersion = 10.0.40219.1
Project("{9A19103F-16F7-4668-BE54-9A1E7A4F7556}") = "gympass-test-tests", "tests\gympass-test-tests\gympass-test-tests.csproj", "{398C7DFE-0503-4882-A842-6C95D4033628}"
EndProject
Project("{9A19103F-16F7-4668-BE54-9A1E7A4F7556}") = "gympass-test", "src\gympass-test\gympass-test.csproj", "{9345B9B1-7289-4B1E-A32F-73393CDA0DE6}"
EndProject
Project("{9A19103F-16F7-4668-BE54-9A1E7A4F7556}") = "gympass-test.core", "src\gympass-test.core\gympass-test.core.csproj", "{4355D66C-3985-48D8-99D2-1733FDCCA580}"
EndProject
Project("{FAE04EC0-301F-11D3-BF4B-00C04F79EFBC}") = "gympass-test.IO", "src\gympass-test.IO\gympass-test.IO.csproj", "{A7409996-0BA3-4FDD-AFCA-C724350E7153}"
EndProject
Project("{9A19103F-16F7-4668-BE54-9A1E7A4F7556}") = "gympass-test.IO.Abstractions", "src\gympass-test.IO.Abstractions\gympass-test.IO.Abstractions.csproj", "{CBFA084D-64DC-47AE-BE03-7D1FF90FE141}"
EndProject
Global
	GlobalSection(SolutionConfigurationPlatforms) = preSolution
		Debug|Any CPU = Debug|Any CPU
		Release|Any CPU = Release|Any CPU
	EndGlobalSection
	GlobalSection(ProjectConfigurationPlatforms) = postSolution
		{398C7DFE-0503-4882-A842-6C95D4033628}.Debug|Any CPU.ActiveCfg = Debug|Any CPU
		{398C7DFE-0503-4882-A842-6C95D4033628}.Debug|Any CPU.Build.0 = Debug|Any CPU
		{398C7DFE-0503-4882-A842-6C95D4033628}.Release|Any CPU.ActiveCfg = Release|Any CPU
		{398C7DFE-0503-4882-A842-6C95D4033628}.Release|Any CPU.Build.0 = Release|Any CPU
		{9345B9B1-7289-4B1E-A32F-73393CDA0DE6}.Debug|Any CPU.ActiveCfg = Debug|Any CPU
		{9345B9B1-7289-4B1E-A32F-73393CDA0DE6}.Debug|Any CPU.Build.0 = Debug|Any CPU
		{9345B9B1-7289-4B1E-A32F-73393CDA0DE6}.Release|Any CPU.ActiveCfg = Release|Any CPU
		{9345B9B1-7289-4B1E-A32F-73393CDA0DE6}.Release|Any CPU.Build.0 = Release|Any CPU
		{4355D66C-3985-48D8-99D2-1733FDCCA580}.Debug|Any CPU.ActiveCfg = Debug|Any CPU
		{4355D66C-3985-48D8-99D2-1733FDCCA580}.Debug|Any CPU.Build.0 = Debug|Any CPU
		{4355D66C-3985-48D8-99D2-1733FDCCA580}.Release|Any CPU.ActiveCfg = Release|Any CPU
		{4355D66C-3985-48D8-99D2-1733FDCCA580}.Release|Any CPU.Build.0 = Release|Any CPU
		{A7409996-0BA3-4FDD-AFCA-C724350E7153}.Debug|Any CPU.ActiveCfg = Debug|Any CPU
		{A7409996-0BA3-4FDD-AFCA-C724350E7153}.Debug|Any CPU.Build.0 = Debug|Any CPU
		{A7409996-0BA3-4FDD-AFCA-C724350E7153}.Release|Any CPU.ActiveCfg = Release|Any CPU
		{A7409996-0BA3-4FDD-AFCA-C724350E7153}.Release|Any CPU.Build.0 = Release|Any CPU
		{CBFA084D-64DC-47AE-BE03-7D1FF90FE141}.Debug|Any CPU.ActiveCfg = Debug|Any CPU
		{CBFA084D-64DC-47AE-BE03-7D1FF90FE141}.Debug|Any CPU.Build.0 = Debug|Any CPU
		{CBFA084D-64DC-47AE-BE03-7D1FF90FE141}.Release|Any CPU.ActiveCfg = Release|Any CPU
		{CBFA084D-64DC-47AE-BE03-7D1FF90FE141}.Release|Any CPU.Build.0 = Release|Any CPU
	EndGlobalSection
	GlobalSection(SolutionProperties) = preSolution
		HideSolutionNode = FALSE
	EndGlobalSection
	GlobalSection(ExtensibilityGlobals) = postSolution
		SolutionGuid = {3F2ECA93-2D62-4FE9-9A1A-8503CBE07A8E}
	EndGlobalSection
EndGlobal
